// !$*UTF8*$!
{
	archiveVersion = 1;
	classes = {
	};
	objectVersion = 50;
	objects = {

/* Begin PBXBuildFile section */
		677C10F723A9CE9200FCDC42 /* AppDelegate.swift in Sources */ = {isa = PBXBuildFile; fileRef = 677C10F623A9CE9200FCDC42 /* AppDelegate.swift */; };
		677C10F923A9CE9200FCDC42 /* SceneDelegate.swift in Sources */ = {isa = PBXBuildFile; fileRef = 677C10F823A9CE9200FCDC42 /* SceneDelegate.swift */; };
		677C10FB23A9CE9200FCDC42 /* ViewController.swift in Sources */ = {isa = PBXBuildFile; fileRef = 677C10FA23A9CE9200FCDC42 /* ViewController.swift */; };
		677C10FE23A9CE9200FCDC42 /* Main.storyboard in Resources */ = {isa = PBXBuildFile; fileRef = 677C10FC23A9CE9200FCDC42 /* Main.storyboard */; };
		677C110023A9CE9700FCDC42 /* Assets.xcassets in Resources */ = {isa = PBXBuildFile; fileRef = 677C10FF23A9CE9700FCDC42 /* Assets.xcassets */; };
		677C110323A9CE9700FCDC42 /* LaunchScreen.storyboard in Resources */ = {isa = PBXBuildFile; fileRef = 677C110123A9CE9700FCDC42 /* LaunchScreen.storyboard */; };
		677C110E23A9CE9800FCDC42 /* MessagingAppTests.swift in Sources */ = {isa = PBXBuildFile; fileRef = 677C110D23A9CE9800FCDC42 /* MessagingAppTests.swift */; };
		677C111923A9CE9800FCDC42 /* MessagingAppUITests.swift in Sources */ = {isa = PBXBuildFile; fileRef = 677C111823A9CE9800FCDC42 /* MessagingAppUITests.swift */; };
		677C112723A9CEFB00FCDC42 /* MessageCell.swift in Sources */ = {isa = PBXBuildFile; fileRef = 677C112623A9CEFB00FCDC42 /* MessageCell.swift */; };
/* End PBXBuildFile section */

/* Begin PBXContainerItemProxy section */
		677C110A23A9CE9800FCDC42 /* PBXContainerItemProxy */ = {
			isa = PBXContainerItemProxy;
			containerPortal = 677C10EB23A9CE9100FCDC42 /* Project object */;
			proxyType = 1;
			remoteGlobalIDString = 677C10F223A9CE9200FCDC42;
			remoteInfo = MessagingApp;
		};
		677C111523A9CE9800FCDC42 /* PBXContainerItemProxy */ = {
			isa = PBXContainerItemProxy;
			containerPortal = 677C10EB23A9CE9100FCDC42 /* Project object */;
			proxyType = 1;
			remoteGlobalIDString = 677C10F223A9CE9200FCDC42;
			remoteInfo = MessagingApp;
		};
/* End PBXContainerItemProxy section */

/* Begin PBXFileReference section */
		677C10F323A9CE9200FCDC42 /* MessagingApp.app */ = {isa = PBXFileReference; explicitFileType = wrapper.application; includeInIndex = 0; path = MessagingApp.app; sourceTree = BUILT_PRODUCTS_DIR; };
		677C10F623A9CE9200FCDC42 /* AppDelegate.swift */ = {isa = PBXFileReference; lastKnownFileType = sourcecode.swift; path = AppDelegate.swift; sourceTree = "<group>"; };
		677C10F823A9CE9200FCDC42 /* SceneDelegate.swift */ = {isa = PBXFileReference; lastKnownFileType = sourcecode.swift; path = SceneDelegate.swift; sourceTree = "<group>"; };
		677C10FA23A9CE9200FCDC42 /* ViewController.swift */ = {isa = PBXFileReference; lastKnownFileType = sourcecode.swift; path = ViewController.swift; sourceTree = "<group>"; };
		677C10FD23A9CE9200FCDC42 /* Base */ = {isa = PBXFileReference; lastKnownFileType = file.storyboard; name = Base; path = Base.lproj/Main.storyboard; sourceTree = "<group>"; };
		677C10FF23A9CE9700FCDC42 /* Assets.xcassets */ = {isa = PBXFileReference; lastKnownFileType = folder.assetcatalog; path = Assets.xcassets; sourceTree = "<group>"; };
		677C110223A9CE9700FCDC42 /* Base */ = {isa = PBXFileReference; lastKnownFileType = file.storyboard; name = Base; path = Base.lproj/LaunchScreen.storyboard; sourceTree = "<group>"; };
		677C110423A9CE9700FCDC42 /* Info.plist */ = {isa = PBXFileReference; lastKnownFileType = text.plist.xml; path = Info.plist; sourceTree = "<group>"; };
		677C110923A9CE9800FCDC42 /* MessagingAppTests.xctest */ = {isa = PBXFileReference; explicitFileType = wrapper.cfbundle; includeInIndex = 0; path = MessagingAppTests.xctest; sourceTree = BUILT_PRODUCTS_DIR; };
		677C110D23A9CE9800FCDC42 /* MessagingAppTests.swift */ = {isa = PBXFileReference; lastKnownFileType = sourcecode.swift; path = MessagingAppTests.swift; sourceTree = "<group>"; };
		677C110F23A9CE9800FCDC42 /* Info.plist */ = {isa = PBXFileReference; lastKnownFileType = text.plist.xml; path = Info.plist; sourceTree = "<group>"; };
		677C111423A9CE9800FCDC42 /* MessagingAppUITests.xctest */ = {isa = PBXFileReference; explicitFileType = wrapper.cfbundle; includeInIndex = 0; path = MessagingAppUITests.xctest; sourceTree = BUILT_PRODUCTS_DIR; };
		677C111823A9CE9800FCDC42 /* MessagingAppUITests.swift */ = {isa = PBXFileReference; lastKnownFileType = sourcecode.swift; path = MessagingAppUITests.swift; sourceTree = "<group>"; };
		677C111A23A9CE9800FCDC42 /* Info.plist */ = {isa = PBXFileReference; lastKnownFileType = text.plist.xml; path = Info.plist; sourceTree = "<group>"; };
		677C112623A9CEFB00FCDC42 /* MessageCell.swift */ = {isa = PBXFileReference; lastKnownFileType = sourcecode.swift; path = MessageCell.swift; sourceTree = "<group>"; };
/* End PBXFileReference section */

/* Begin PBXFrameworksBuildPhase section */
		677C10F023A9CE9200FCDC42 /* Frameworks */ = {
			isa = PBXFrameworksBuildPhase;
			buildActionMask = 2147483647;
			files = (
			);
			runOnlyForDeploymentPostprocessing = 0;
		};
		677C110623A9CE9800FCDC42 /* Frameworks */ = {
			isa = PBXFrameworksBuildPhase;
			buildActionMask = 2147483647;
			files = (
			);
			runOnlyForDeploymentPostprocessing = 0;
		};
		677C111123A9CE9800FCDC42 /* Frameworks */ = {
			isa = PBXFrameworksBuildPhase;
			buildActionMask = 2147483647;
			files = (
			);
			runOnlyForDeploymentPostprocessing = 0;
		};
/* End PBXFrameworksBuildPhase section */

/* Begin PBXGroup section */
		677C10EA23A9CE9100FCDC42 = {
			isa = PBXGroup;
			children = (
				677C10F523A9CE9200FCDC42 /* MessagingApp */,
				677C110C23A9CE9800FCDC42 /* MessagingAppTests */,
				677C111723A9CE9800FCDC42 /* MessagingAppUITests */,
				677C10F423A9CE9200FCDC42 /* Products */,
			);
			sourceTree = "<group>";
		};
		677C10F423A9CE9200FCDC42 /* Products */ = {
			isa = PBXGroup;
			children = (
				677C10F323A9CE9200FCDC42 /* MessagingApp.app */,
				677C110923A9CE9800FCDC42 /* MessagingAppTests.xctest */,
				677C111423A9CE9800FCDC42 /* MessagingAppUITests.xctest */,
			);
			name = Products;
			sourceTree = "<group>";
		};
		677C10F523A9CE9200FCDC42 /* MessagingApp */ = {
			isa = PBXGroup;
			children = (
				677C10F623A9CE9200FCDC42 /* AppDelegate.swift */,
				677C10F823A9CE9200FCDC42 /* SceneDelegate.swift */,
				677C10FA23A9CE9200FCDC42 /* ViewController.swift */,
				677C112623A9CEFB00FCDC42 /* MessageCell.swift */,
				677C10FC23A9CE9200FCDC42 /* Main.storyboard */,
				677C10FF23A9CE9700FCDC42 /* Assets.xcassets */,
				677C110123A9CE9700FCDC42 /* LaunchScreen.storyboard */,
				677C110423A9CE9700FCDC42 /* Info.plist */,
			);
			path = MessagingApp;
			sourceTree = "<group>";
		};
		677C110C23A9CE9800FCDC42 /* MessagingAppTests */ = {
			isa = PBXGroup;
			children = (
				677C110D23A9CE9800FCDC42 /* MessagingAppTests.swift */,
				677C110F23A9CE9800FCDC42 /* Info.plist */,
			);
			path = MessagingAppTests;
			sourceTree = "<group>";
		};
		677C111723A9CE9800FCDC42 /* MessagingAppUITests */ = {
			isa = PBXGroup;
			children = (
				677C111823A9CE9800FCDC42 /* MessagingAppUITests.swift */,
				677C111A23A9CE9800FCDC42 /* Info.plist */,
			);
			path = MessagingAppUITests;
			sourceTree = "<group>";
		};
/* End PBXGroup section */

/* Begin PBXNativeTarget section */
		677C10F223A9CE9200FCDC42 /* MessagingApp */ = {
			isa = PBXNativeTarget;
			buildConfigurationList = 677C111D23A9CE9800FCDC42 /* Build configuration list for PBXNativeTarget "MessagingApp" */;
			buildPhases = (
				677C10EF23A9CE9200FCDC42 /* Sources */,
				677C10F023A9CE9200FCDC42 /* Frameworks */,
				677C10F123A9CE9200FCDC42 /* Resources */,
			);
			buildRules = (
			);
			dependencies = (
			);
			name = MessagingApp;
			productName = MessagingApp;
			productReference = 677C10F323A9CE9200FCDC42 /* MessagingApp.app */;
			productType = "com.apple.product-type.application";
		};
		677C110823A9CE9800FCDC42 /* MessagingAppTests */ = {
			isa = PBXNativeTarget;
			buildConfigurationList = 677C112023A9CE9800FCDC42 /* Build configuration list for PBXNativeTarget "MessagingAppTests" */;
			buildPhases = (
				677C110523A9CE9800FCDC42 /* Sources */,
				677C110623A9CE9800FCDC42 /* Frameworks */,
				677C110723A9CE9800FCDC42 /* Resources */,
			);
			buildRules = (
			);
			dependencies = (
				677C110B23A9CE9800FCDC42 /* PBXTargetDependency */,
			);
			name = MessagingAppTests;
			productName = MessagingAppTests;
			productReference = 677C110923A9CE9800FCDC42 /* MessagingAppTests.xctest */;
			productType = "com.apple.product-type.bundle.unit-test";
		};
		677C111323A9CE9800FCDC42 /* MessagingAppUITests */ = {
			isa = PBXNativeTarget;
			buildConfigurationList = 677C112323A9CE9800FCDC42 /* Build configuration list for PBXNativeTarget "MessagingAppUITests" */;
			buildPhases = (
				677C111023A9CE9800FCDC42 /* Sources */,
				677C111123A9CE9800FCDC42 /* Frameworks */,
				677C111223A9CE9800FCDC42 /* Resources */,
			);
			buildRules = (
			);
			dependencies = (
				677C111623A9CE9800FCDC42 /* PBXTargetDependency */,
			);
			name = MessagingAppUITests;
			productName = MessagingAppUITests;
			productReference = 677C111423A9CE9800FCDC42 /* MessagingAppUITests.xctest */;
			productType = "com.apple.product-type.bundle.ui-testing";
		};
/* End PBXNativeTarget section */

/* Begin PBXProject section */
		677C10EB23A9CE9100FCDC42 /* Project object */ = {
			isa = PBXProject;
			attributes = {
				LastSwiftUpdateCheck = 1120;
				LastUpgradeCheck = 1120;
				ORGANIZATIONNAME = LamdaLearningEnviorment;
				TargetAttributes = {
					677C10F223A9CE9200FCDC42 = {
						CreatedOnToolsVersion = 11.2;
					};
					677C110823A9CE9800FCDC42 = {
						CreatedOnToolsVersion = 11.2;
						TestTargetID = 677C10F223A9CE9200FCDC42;
					};
					677C111323A9CE9800FCDC42 = {
						CreatedOnToolsVersion = 11.2;
						TestTargetID = 677C10F223A9CE9200FCDC42;
					};
				};
			};
			buildConfigurationList = 677C10EE23A9CE9100FCDC42 /* Build configuration list for PBXProject "MessagingApp" */;
			compatibilityVersion = "Xcode 9.3";
			developmentRegion = en;
			hasScannedForEncodings = 0;
			knownRegions = (
				en,
				Base,
			);
			mainGroup = 677C10EA23A9CE9100FCDC42;
			productRefGroup = 677C10F423A9CE9200FCDC42 /* Products */;
			projectDirPath = "";
			projectRoot = "";
			targets = (
				677C10F223A9CE9200FCDC42 /* MessagingApp */,
				677C110823A9CE9800FCDC42 /* MessagingAppTests */,
				677C111323A9CE9800FCDC42 /* MessagingAppUITests */,
			);
		};
/* End PBXProject section */

/* Begin PBXResourcesBuildPhase section */
		677C10F123A9CE9200FCDC42 /* Resources */ = {
			isa = PBXResourcesBuildPhase;
			buildActionMask = 2147483647;
			files = (
				677C110323A9CE9700FCDC42 /* LaunchScreen.storyboard in Resources */,
				677C110023A9CE9700FCDC42 /* Assets.xcassets in Resources */,
				677C10FE23A9CE9200FCDC42 /* Main.storyboard in Resources */,
			);
			runOnlyForDeploymentPostprocessing = 0;
		};
		677C110723A9CE9800FCDC42 /* Resources */ = {
			isa = PBXResourcesBuildPhase;
			buildActionMask = 2147483647;
			files = (
			);
			runOnlyForDeploymentPostprocessing = 0;
		};
		677C111223A9CE9800FCDC42 /* Resources */ = {
			isa = PBXResourcesBuildPhase;
			buildActionMask = 2147483647;
			files = (
			);
			runOnlyForDeploymentPostprocessing = 0;
		};
/* End PBXResourcesBuildPhase section */

/* Begin PBXSourcesBuildPhase section */
		677C10EF23A9CE9200FCDC42 /* Sources */ = {
			isa = PBXSourcesBuildPhase;
			buildActionMask = 2147483647;
			files = (
				677C10FB23A9CE9200FCDC42 /* ViewController.swift in Sources */,
				677C112723A9CEFB00FCDC42 /* MessageCell.swift in Sources */,
				677C10F723A9CE9200FCDC42 /* AppDelegate.swift in Sources */,
				677C10F923A9CE9200FCDC42 /* SceneDelegate.swift in Sources */,
			);
			runOnlyForDeploymentPostprocessing = 0;
		};
		677C110523A9CE9800FCDC42 /* Sources */ = {
			isa = PBXSourcesBuildPhase;
			buildActionMask = 2147483647;
			files = (
				677C110E23A9CE9800FCDC42 /* MessagingAppTests.swift in Sources */,
			);
			runOnlyForDeploymentPostprocessing = 0;
		};
		677C111023A9CE9800FCDC42 /* Sources */ = {
			isa = PBXSourcesBuildPhase;
			buildActionMask = 2147483647;
			files = (
				677C111923A9CE9800FCDC42 /* MessagingAppUITests.swift in Sources */,
			);
			runOnlyForDeploymentPostprocessing = 0;
		};
/* End PBXSourcesBuildPhase section */

/* Begin PBXTargetDependency section */
		677C110B23A9CE9800FCDC42 /* PBXTargetDependency */ = {
			isa = PBXTargetDependency;
			target = 677C10F223A9CE9200FCDC42 /* MessagingApp */;
			targetProxy = 677C110A23A9CE9800FCDC42 /* PBXContainerItemProxy */;
		};
		677C111623A9CE9800FCDC42 /* PBXTargetDependency */ = {
			isa = PBXTargetDependency;
			target = 677C10F223A9CE9200FCDC42 /* MessagingApp */;
			targetProxy = 677C111523A9CE9800FCDC42 /* PBXContainerItemProxy */;
		};
/* End PBXTargetDependency section */

/* Begin PBXVariantGroup section */
		677C10FC23A9CE9200FCDC42 /* Main.storyboard */ = {
			isa = PBXVariantGroup;
			children = (
				677C10FD23A9CE9200FCDC42 /* Base */,
			);
			name = Main.storyboard;
			sourceTree = "<group>";
		};
		677C110123A9CE9700FCDC42 /* LaunchScreen.storyboard */ = {
			isa = PBXVariantGroup;
			children = (
				677C110223A9CE9700FCDC42 /* Base */,
			);
			name = LaunchScreen.storyboard;
			sourceTree = "<group>";
		};
/* End PBXVariantGroup section */

/* Begin XCBuildConfiguration section */
		677C111B23A9CE9800FCDC42 /* Debug */ = {
			isa = XCBuildConfiguration;
			buildSettings = {
				ALWAYS_SEARCH_USER_PATHS = NO;
				CLANG_ANALYZER_NONNULL = YES;
				CLANG_ANALYZER_NUMBER_OBJECT_CONVERSION = YES_AGGRESSIVE;
				CLANG_CXX_LANGUAGE_STANDARD = "gnu++14";
				CLANG_CXX_LIBRARY = "libc++";
				CLANG_ENABLE_MODULES = YES;
				CLANG_ENABLE_OBJC_ARC = YES;
				CLANG_ENABLE_OBJC_WEAK = YES;
				CLANG_WARN_BLOCK_CAPTURE_AUTORELEASING = YES;
				CLANG_WARN_BOOL_CONVERSION = YES;
				CLANG_WARN_COMMA = YES;
				CLANG_WARN_CONSTANT_CONVERSION = YES;
				CLANG_WARN_DEPRECATED_OBJC_IMPLEMENTATIONS = YES;
				CLANG_WARN_DIRECT_OBJC_ISA_USAGE = YES_ERROR;
				CLANG_WARN_DOCUMENTATION_COMMENTS = YES;
				CLANG_WARN_EMPTY_BODY = YES;
				CLANG_WARN_ENUM_CONVERSION = YES;
				CLANG_WARN_INFINITE_RECURSION = YES;
				CLANG_WARN_INT_CONVERSION = YES;
				CLANG_WARN_NON_LITERAL_NULL_CONVERSION = YES;
				CLANG_WARN_OBJC_IMPLICIT_RETAIN_SELF = YES;
				CLANG_WARN_OBJC_LITERAL_CONVERSION = YES;
				CLANG_WARN_OBJC_ROOT_CLASS = YES_ERROR;
				CLANG_WARN_RANGE_LOOP_ANALYSIS = YES;
				CLANG_WARN_STRICT_PROTOTYPES = YES;
				CLANG_WARN_SUSPICIOUS_MOVE = YES;
				CLANG_WARN_UNGUARDED_AVAILABILITY = YES_AGGRESSIVE;
				CLANG_WARN_UNREACHABLE_CODE = YES;
				CLANG_WARN__DUPLICATE_METHOD_MATCH = YES;
				COPY_PHASE_STRIP = NO;
				DEBUG_INFORMATION_FORMAT = dwarf;
				ENABLE_STRICT_OBJC_MSGSEND = YES;
				ENABLE_TESTABILITY = YES;
				GCC_C_LANGUAGE_STANDARD = gnu11;
				GCC_DYNAMIC_NO_PIC = NO;
				GCC_NO_COMMON_BLOCKS = YES;
				GCC_OPTIMIZATION_LEVEL = 0;
				GCC_PREPROCESSOR_DEFINITIONS = (
					"DEBUG=1",
					"$(inherited)",
				);
				GCC_WARN_64_TO_32_BIT_CONVERSION = YES;
				GCC_WARN_ABOUT_RETURN_TYPE = YES_ERROR;
				GCC_WARN_UNDECLARED_SELECTOR = YES;
				GCC_WARN_UNINITIALIZED_AUTOS = YES_AGGRESSIVE;
				GCC_WARN_UNUSED_FUNCTION = YES;
				GCC_WARN_UNUSED_VARIABLE = YES;
				IPHONEOS_DEPLOYMENT_TARGET = 13.2;
				MTL_ENABLE_DEBUG_INFO = INCLUDE_SOURCE;
				MTL_FAST_MATH = YES;
				ONLY_ACTIVE_ARCH = YES;
				SDKROOT = iphoneos;
				SWIFT_ACTIVE_COMPILATION_CONDITIONS = DEBUG;
				SWIFT_OPTIMIZATION_LEVEL = "-Onone";
			};
			name = Debug;
		};
		677C111C23A9CE9800FCDC42 /* Release */ = {
			isa = XCBuildConfiguration;
			buildSettings = {
				ALWAYS_SEARCH_USER_PATHS = NO;
				CLANG_ANALYZER_NONNULL = YES;
				CLANG_ANALYZER_NUMBER_OBJECT_CONVERSION = YES_AGGRESSIVE;
				CLANG_CXX_LANGUAGE_STANDARD = "gnu++14";
				CLANG_CXX_LIBRARY = "libc++";
				CLANG_ENABLE_MODULES = YES;
				CLANG_ENABLE_OBJC_ARC = YES;
				CLANG_ENABLE_OBJC_WEAK = YES;
				CLANG_WARN_BLOCK_CAPTURE_AUTORELEASING = YES;
				CLANG_WARN_BOOL_CONVERSION = YES;
				CLANG_WARN_COMMA = YES;
				CLANG_WARN_CONSTANT_CONVERSION = YES;
				CLANG_WARN_DEPRECATED_OBJC_IMPLEMENTATIONS = YES;
				CLANG_WARN_DIRECT_OBJC_ISA_USAGE = YES_ERROR;
				CLANG_WARN_DOCUMENTATION_COMMENTS = YES;
				CLANG_WARN_EMPTY_BODY = YES;
				CLANG_WARN_ENUM_CONVERSION = YES;
				CLANG_WARN_INFINITE_RECURSION = YES;
				CLANG_WARN_INT_CONVERSION = YES;
				CLANG_WARN_NON_LITERAL_NULL_CONVERSION = YES;
				CLANG_WARN_OBJC_IMPLICIT_RETAIN_SELF = YES;
				CLANG_WARN_OBJC_LITERAL_CONVERSION = YES;
				CLANG_WARN_OBJC_ROOT_CLASS = YES_ERROR;
				CLANG_WARN_RANGE_LOOP_ANALYSIS = YES;
				CLANG_WARN_STRICT_PROTOTYPES = YES;
				CLANG_WARN_SUSPICIOUS_MOVE = YES;
				CLANG_WARN_UNGUARDED_AVAILABILITY = YES_AGGRESSIVE;
				CLANG_WARN_UNREACHABLE_CODE = YES;
				CLANG_WARN__DUPLICATE_METHOD_MATCH = YES;
				COPY_PHASE_STRIP = NO;
				DEBUG_INFORMATION_FORMAT = "dwarf-with-dsym";
				ENABLE_NS_ASSERTIONS = NO;
				ENABLE_STRICT_OBJC_MSGSEND = YES;
				GCC_C_LANGUAGE_STANDARD = gnu11;
				GCC_NO_COMMON_BLOCKS = YES;
				GCC_WARN_64_TO_32_BIT_CONVERSION = YES;
				GCC_WARN_ABOUT_RETURN_TYPE = YES_ERROR;
				GCC_WARN_UNDECLARED_SELECTOR = YES;
				GCC_WARN_UNINITIALIZED_AUTOS = YES_AGGRESSIVE;
				GCC_WARN_UNUSED_FUNCTION = YES;
				GCC_WARN_UNUSED_VARIABLE = YES;
				IPHONEOS_DEPLOYMENT_TARGET = 13.2;
				MTL_ENABLE_DEBUG_INFO = NO;
				MTL_FAST_MATH = YES;
				SDKROOT = iphoneos;
				SWIFT_COMPILATION_MODE = wholemodule;
				SWIFT_OPTIMIZATION_LEVEL = "-O";
				VALIDATE_PRODUCT = YES;
			};
			name = Release;
		};
		677C111E23A9CE9800FCDC42 /* Debug */ = {
			isa = XCBuildConfiguration;
			buildSettings = {
				ASSETCATALOG_COMPILER_APPICON_NAME = AppIcon;
				CODE_SIGN_STYLE = Automatic;
				DEVELOPMENT_TEAM = VYD5K6JF68;
				INFOPLIST_FILE = MessagingApp/Info.plist;
				LD_RUNPATH_SEARCH_PATHS = (
					"$(inherited)",
					"@executable_path/Frameworks",
				);
				PRODUCT_BUNDLE_IDENTIFIER = com.javijc.MessagingApp.MessagingApp;
				PRODUCT_NAME = "$(TARGET_NAME)";
				SWIFT_VERSION = 5.0;
				TARGETED_DEVICE_FAMILY = "1,2";
			};
			name = Debug;
		};
		677C111F23A9CE9800FCDC42 /* Release */ = {
			isa = XCBuildConfiguration;
			buildSettings = {
				ASSETCATALOG_COMPILER_APPICON_NAME = AppIcon;
				CODE_SIGN_STYLE = Automatic;
				DEVELOPMENT_TEAM = VYD5K6JF68;
				INFOPLIST_FILE = MessagingApp/Info.plist;
				LD_RUNPATH_SEARCH_PATHS = (
					"$(inherited)",
					"@executable_path/Frameworks",
				);
				PRODUCT_BUNDLE_IDENTIFIER = com.javijc.MessagingApp.MessagingApp;
				PRODUCT_NAME = "$(TARGET_NAME)";
				SWIFT_VERSION = 5.0;
				TARGETED_DEVICE_FAMILY = "1,2";
			};
			name = Release;
		};
		677C112123A9CE9800FCDC42 /* Debug */ = {
			isa = XCBuildConfiguration;
			buildSettings = {
				ALWAYS_EMBED_SWIFT_STANDARD_LIBRARIES = YES;
				BUNDLE_LOADER = "$(TEST_HOST)";
				CODE_SIGN_STYLE = Automatic;
				DEVELOPMENT_TEAM = VYD5K6JF68;
				INFOPLIST_FILE = MessagingAppTests/Info.plist;
				IPHONEOS_DEPLOYMENT_TARGET = 13.2;
				LD_RUNPATH_SEARCH_PATHS = (
					"$(inherited)",
					"@executable_path/Frameworks",
					"@loader_path/Frameworks",
				);
				PRODUCT_BUNDLE_IDENTIFIER = com.javijc.MessagingApp.MessagingAppTests;
				PRODUCT_NAME = "$(TARGET_NAME)";
				SWIFT_VERSION = 5.0;
				TARGETED_DEVICE_FAMILY = "1,2";
				TEST_HOST = "$(BUILT_PRODUCTS_DIR)/MessagingApp.app/MessagingApp";
			};
			name = Debug;
		};
		677C112223A9CE9800FCDC42 /* Release */ = {
			isa = XCBuildConfiguration;
			buildSettings = {
				ALWAYS_EMBED_SWIFT_STANDARD_LIBRARIES = YES;
				BUNDLE_LOADER = "$(TEST_HOST)";
				CODE_SIGN_STYLE = Automatic;
				DEVELOPMENT_TEAM = VYD5K6JF68;
				INFOPLIST_FILE = MessagingAppTests/Info.plist;
				IPHONEOS_DEPLOYMENT_TARGET = 13.2;
				LD_RUNPATH_SEARCH_PATHS = (
					"$(inherited)",
					"@executable_path/Frameworks",
					"@loader_path/Frameworks",
				);
				PRODUCT_BUNDLE_IDENTIFIER = com.javijc.MessagingApp.MessagingAppTests;
				PRODUCT_NAME = "$(TARGET_NAME)";
				SWIFT_VERSION = 5.0;
				TARGETED_DEVICE_FAMILY = "1,2";
				TEST_HOST = "$(BUILT_PRODUCTS_DIR)/MessagingApp.app/MessagingApp";
			};
			name = Release;
		};
		677C112423A9CE9800FCDC42 /* Debug */ = {
			isa = XCBuildConfiguration;
			buildSettings = {
				ALWAYS_EMBED_SWIFT_STANDARD_LIBRARIES = YES;
				CODE_SIGN_STYLE = Automatic;
				DEVELOPMENT_TEAM = VYD5K6JF68;
				INFOPLIST_FILE = MessagingAppUITests/Info.plist;
				LD_RUNPATH_SEARCH_PATHS = (
					"$(inherited)",
					"@executable_path/Frameworks",
					"@loader_path/Frameworks",
				);
				PRODUCT_BUNDLE_IDENTIFIER = com.javijc.MessagingApp.MessagingAppUITests;
				PRODUCT_NAME = "$(TARGET_NAME)";
				SWIFT_VERSION = 5.0;
				TARGETED_DEVICE_FAMILY = "1,2";
				TEST_TARGET_NAME = MessagingApp;
			};
			name = Debug;
		};
		677C112523A9CE9800FCDC42 /* Release */ = {
			isa = XCBuildConfiguration;
			buildSettings = {
				ALWAYS_EMBED_SWIFT_STANDARD_LIBRARIES = YES;
				CODE_SIGN_STYLE = Automatic;
				DEVELOPMENT_TEAM = VYD5K6JF68;
				INFOPLIST_FILE = MessagingAppUITests/Info.plist;
				LD_RUNPATH_SEARCH_PATHS = (
					"$(inherited)",
					"@executable_path/Frameworks",
					"@loader_path/Frameworks",
				);
				PRODUCT_BUNDLE_IDENTIFIER = com.javijc.MessagingApp.MessagingAppUITests;
				PRODUCT_NAME = "$(TARGET_NAME)";
				SWIFT_VERSION = 5.0;
				TARGETED_DEVICE_FAMILY = "1,2";
				TEST_TARGET_NAME = MessagingApp;
			};
			name = Release;
		};
/* End XCBuildConfiguration section */

/* Begin XCConfigurationList section */
		677C10EE23A9CE9100FCDC42 /* Build configuration list for PBXProject "MessagingApp" */ = {
			isa = XCConfigurationList;
			buildConfigurations = (
				677C111B23A9CE9800FCDC42 /* Debug */,
				677C111C23A9CE9800FCDC42 /* Release */,
			);
			defaultConfigurationIsVisible = 0;
			defaultConfigurationName = Release;
		};
		677C111D23A9CE9800FCDC42 /* Build configuration list for PBXNativeTarget "MessagingApp" */ = {
			isa = XCConfigurationList;
			buildConfigurations = (
				677C111E23A9CE9800FCDC42 /* Debug */,
				677C111F23A9CE9800FCDC42 /* Release */,
			);
			defaultConfigurationIsVisible = 0;
			defaultConfigurationName = Release;
		};
		677C112023A9CE9800FCDC42 /* Build configuration list for PBXNativeTarget "MessagingAppTests" */ = {
			isa = XCConfigurationList;
			buildConfigurations = (
				677C112123A9CE9800FCDC42 /* Debug */,
				677C112223A9CE9800FCDC42 /* Release */,
			);
			defaultConfigurationIsVisible = 0;
			defaultConfigurationName = Release;
		};
		677C112323A9CE9800FCDC42 /* Build configuration list for PBXNativeTarget "MessagingAppUITests" */ = {
			isa = XCConfigurationList;
			buildConfigurations = (
				677C112423A9CE9800FCDC42 /* Debug */,
				677C112523A9CE9800FCDC42 /* Release */,
			);
			defaultConfigurationIsVisible = 0;
			defaultConfigurationName = Release;
		};
/* End XCConfigurationList section */
	};
	rootObject = 677C10EB23A9CE9100FCDC42 /* Project object */;
}
